
Microsoft Visual Studio Solution File, Format Version 12.00
# Visual Studio 2012
Project("{F184B08F-C81C-45F6-A57F-5ABD9991F28F}") = "quest", "quest\quest.vbproj", "{C263CE3B-7D1B-415F-BBF5-44647A7B7FDC}"
EndProject
Global
	GlobalSection(SolutionConfigurationPlatforms) = preSolution
		Debug|Any CPU = Debug|Any CPU
		Release|Any CPU = Release|Any CPU
	EndGlobalSection
	GlobalSection(ProjectConfigurationPlatforms) = postSolution
		{C263CE3B-7D1B-415F-BBF5-44647A7B7FDC}.Debug|Any CPU.ActiveCfg = Debug|Any CPU
		{C263CE3B-7D1B-415F-BBF5-44647A7B7FDC}.Debug|Any CPU.Build.0 = Debug|Any CPU
		{C263CE3B-7D1B-415F-BBF5-44647A7B7FDC}.Release|Any CPU.ActiveCfg = Release|Any CPU
		{C263CE3B-7D1B-415F-BBF5-44647A7B7FDC}.Release|Any CPU.Build.0 = Release|Any CPU
	EndGlobalSection
	GlobalSection(SolutionProperties) = preSolution
		HideSolutionNode = FALSE
	EndGlobalSection
EndGlobal
